
Microsoft Visual Studio Solution File, Format Version 12.00
# Visual Studio Version 17
VisualStudioVersion = 17.0.31903.59
MinimumVisualStudioVersion = 10.0.40219.1
Project("{FAE04EC0-301F-11D3-BF4B-00C04F79EFBC}") = "CsApi.WebApi", "CsApi.WebApi\CsApi.WebApi.csproj", "{9DAC8F2C-F4E1-4B19-AF26-3A3BE368E096}"
EndProject
Global
	GlobalSection(SolutionConfigurationPlatforms) = preSolution
		Debug|Any CPU = Debug|Any CPU
		Release|Any CPU = Release|Any CPU
	EndGlobalSection
	GlobalSection(SolutionProperties) = preSolution
		HideSolutionNode = FALSE
	EndGlobalSection
	GlobalSection(ProjectConfigurationPlatforms) = postSolution
		{9DAC8F2C-F4E1-4B19-AF26-3A3BE368E096}.Debug|Any CPU.ActiveCfg = Debug|Any CPU
		{9DAC8F2C-F4E1-4B19-AF26-3A3BE368E096}.Debug|Any CPU.Build.0 = Debug|Any CPU
		{9DAC8F2C-F4E1-4B19-AF26-3A3BE368E096}.Release|Any CPU.ActiveCfg = Release|Any CPU
		{9DAC8F2C-F4E1-4B19-AF26-3A3BE368E096}.Release|Any CPU.Build.0 = Release|Any CPU
	EndGlobalSection
EndGlobal
